<?xml version="1.0" encoding="UTF-8" standalone="yes" ?>
<CodeBlocks_project_file>
	<FileVersion major="1" minor="6" />
	<Project>
		<Option title="OpenGl" />
		<Option pch_mode="2" />
		<Option compiler="mingw_minsys" />
		<Build>
			<Target title="Debug">
				<Option output="bin/Debug/OpenGl" prefix_auto="1" extension_auto="1" />
				<Option object_output="obj/Debug/" />
				<Option type="1" />
				<Option compiler="mingw_minsys" />
				<Compiler>
					<Add option="-std=gnu++98" />
					<Add option="-g" />
					<Add directory="include" />
				</Compiler>
			</Target>
			<Target title="Release">
				<Option output="bin/Release/OpenGl" prefix_auto="1" extension_auto="1" />
				<Option object_output="obj/Release/" />
				<Option type="1" />
				<Option compiler="mingw_minsys" />
				<Compiler>
					<Add option="-O2" />
					<Add directory="include" />
				</Compiler>
				<Linker>
					<Add option="-s" />
				</Linker>
			</Target>
		</Build>
		<Compiler>
			<Add option="-Wall" />
			<Add option="-std=c++20" />
			<Add option="-std=c17" />
			<Add option="-fexceptions" />
			<Add option="-D_GNU_SOURCE" />
			<Add directory="/usr/include" />
		</Compiler>
		<Linker>
			<Add library="glfw3" />
			<Add library="opengl32" />
			<Add library="dl" />
		</Linker>
		<Unit filename="include/KHR/khrplatform.h" />
		<Unit filename="include/Log.h" />
		<Unit filename="include/Shader.h" />
		<Unit filename="include/Window.h" />
		<Unit filename="include/glad/glad.h" />
		<Unit filename="main.cpp" />
		<Unit filename="src/Log.cpp" />
		<Unit filename="src/Shader.cpp" />
		<Unit filename="src/Window.cpp" />
		<Unit filename="src/glad.c">
			<Option compilerVar="CC" />
		</Unit>
		<Extensions />
	</Project>
</CodeBlocks_project_file>
